
Microsoft Visual Studio Solution File, Format Version 11.00
# Visual Studio 2010
Project("{FAE04EC0-301F-11D3-BF4B-00C04F79EFBC}") = "sg", "Assembly-CSharp.csproj", "{DD1E2823-3EDB-C7D5-B476-2EE332046EA7}"
EndProject
Global
	GlobalSection(SolutionConfigurationPlatforms) = preSolution
		Debug|Any CPU = Debug|Any CPU
		Release|Any CPU = Release|Any CPU
	EndGlobalSection
	GlobalSection(ProjectConfigurationPlatforms) = postSolution
		{DD1E2823-3EDB-C7D5-B476-2EE332046EA7}.Debug|Any CPU.ActiveCfg = Debug|Any CPU
		{DD1E2823-3EDB-C7D5-B476-2EE332046EA7}.Debug|Any CPU.Build.0 = Debug|Any CPU
		{DD1E2823-3EDB-C7D5-B476-2EE332046EA7}.Release|Any CPU.ActiveCfg = Release|Any CPU
		{DD1E2823-3EDB-C7D5-B476-2EE332046EA7}.Release|Any CPU.Build.0 = Release|Any CPU
	EndGlobalSection
	GlobalSection(SolutionProperties) = preSolution
		HideSolutionNode = FALSE
	EndGlobalSection
	GlobalSection(MonoDevelopProperties) = preSolution
		StartupItem = Assembly-CSharp.csproj
	EndGlobalSection
EndGlobal
